
Microsoft Visual Studio Solution File, Format Version 12.00
# Visual Studio Version 16
VisualStudioVersion = 16.0.30204.135
MinimumVisualStudioVersion = 10.0.40219.1
Project("{FAE04EC0-301F-11D3-BF4B-00C04F79EFBC}") = "LessonProject", "LessonProject\LessonProject.csproj", "{7E8884CD-4214-461A-9BAD-DE5AE5E91287}"
EndProject
Project("{FAE04EC0-301F-11D3-BF4B-00C04F79EFBC}") = "LessonProject.Model", "..\LessonProject.Model\LessonProject.Model\LessonProject.Model.csproj", "{06A6FFBB-3AE2-4623-A5F2-50D11060846B}"
EndProject
Global
	GlobalSection(SolutionConfigurationPlatforms) = preSolution
		Debug|Any CPU = Debug|Any CPU
		Release|Any CPU = Release|Any CPU
	EndGlobalSection
	GlobalSection(ProjectConfigurationPlatforms) = postSolution
		{7E8884CD-4214-461A-9BAD-DE5AE5E91287}.Debug|Any CPU.ActiveCfg = Debug|Any CPU
		{7E8884CD-4214-461A-9BAD-DE5AE5E91287}.Debug|Any CPU.Build.0 = Debug|Any CPU
		{7E8884CD-4214-461A-9BAD-DE5AE5E91287}.Release|Any CPU.ActiveCfg = Release|Any CPU
		{7E8884CD-4214-461A-9BAD-DE5AE5E91287}.Release|Any CPU.Build.0 = Release|Any CPU
		{06A6FFBB-3AE2-4623-A5F2-50D11060846B}.Debug|Any CPU.ActiveCfg = Debug|Any CPU
		{06A6FFBB-3AE2-4623-A5F2-50D11060846B}.Debug|Any CPU.Build.0 = Debug|Any CPU
		{06A6FFBB-3AE2-4623-A5F2-50D11060846B}.Release|Any CPU.ActiveCfg = Release|Any CPU
		{06A6FFBB-3AE2-4623-A5F2-50D11060846B}.Release|Any CPU.Build.0 = Release|Any CPU
	EndGlobalSection
	GlobalSection(SolutionProperties) = preSolution
		HideSolutionNode = FALSE
	EndGlobalSection
	GlobalSection(ExtensibilityGlobals) = postSolution
		SolutionGuid = {5F93625E-629F-4249-80EF-7E6CA4E3CCA4}
	EndGlobalSection
EndGlobal
